
Microsoft Visual Studio Solution File, Format Version 12.00
# Visual Studio 2012
Project("{FAE04EC0-301F-11D3-BF4B-00C04F79EFBC}") = "خوارزمية هيل", "خوارزمية هيل\خوارزمية هيل.csproj", "{A96C7D4E-CCBB-463E-8A53-719602F47DBB}"
EndProject
Global
	GlobalSection(SolutionConfigurationPlatforms) = preSolution
		Debug|Any CPU = Debug|Any CPU
		Release|Any CPU = Release|Any CPU
	EndGlobalSection
	GlobalSection(ProjectConfigurationPlatforms) = postSolution
		{A96C7D4E-CCBB-463E-8A53-719602F47DBB}.Debug|Any CPU.ActiveCfg = Debug|Any CPU
		{A96C7D4E-CCBB-463E-8A53-719602F47DBB}.Debug|Any CPU.Build.0 = Debug|Any CPU
		{A96C7D4E-CCBB-463E-8A53-719602F47DBB}.Release|Any CPU.ActiveCfg = Release|Any CPU
		{A96C7D4E-CCBB-463E-8A53-719602F47DBB}.Release|Any CPU.Build.0 = Release|Any CPU
	EndGlobalSection
	GlobalSection(SolutionProperties) = preSolution
		HideSolutionNode = FALSE
	EndGlobalSection
EndGlobal
